
Microsoft Visual Studio Solution File, Format Version 12.00
Project("{FAE04EC0-301F-11D3-BF4B-00C04F79EFBC}") = "CountryService.gRPC", "CountryService.gRPC\CountryService.gRPC.csproj", "{10ED142C-DAE3-421F-8F27-9912B4DBD86C}"
EndProject
Project("{FAE04EC0-301F-11D3-BF4B-00C04F79EFBC}") = "CountryService.BLL", "CountryService.BLL\CountryService.BLL.csproj", "{465A720D-7DCE-4BF8-A7D8-C76A258E3B13}"
EndProject
Project("{FAE04EC0-301F-11D3-BF4B-00C04F79EFBC}") = "CountryService.DAL", "CountryService.DAL\CountryService.DAL.csproj", "{263819B3-89B7-4792-8346-DDFBA7DBA0B5}"
EndProject
Project("{FAE04EC0-301F-11D3-BF4B-00C04F79EFBC}") = "CountryService.Domain", "CountryService.Domain\CountryService.Domain.csproj", "{79EBB4AB-4F62-4311-96D4-4BEDA943961F}"
EndProject
Project("{2150E333-8FDC-42A3-9474-1A3956D46DE8}") = "Web", "Web", "{70DC6320-7AAF-4E11-933C-91578FA10B05}"
EndProject
Project("{2150E333-8FDC-42A3-9474-1A3956D46DE8}") = "gRPC", "gRPC", "{43AA5D29-8004-4E5F-94E6-64AE0C185CFB}"
EndProject
Project("{FAE04EC0-301F-11D3-BF4B-00C04F79EFBC}") = "CountryWiki.BLL", "CountryWiki.BLL\CountryWiki.BLL.csproj", "{9F16F885-8D43-40D5-9C23-338DFA72C382}"
EndProject
Project("{FAE04EC0-301F-11D3-BF4B-00C04F79EFBC}") = "CountryWiki.DAL", "CountryWiki.DAL\CountryWiki.DAL.csproj", "{925035ED-BDD2-4352-8BC5-51FE64F8F2AA}"
EndProject
Project("{FAE04EC0-301F-11D3-BF4B-00C04F79EFBC}") = "CountryWiki.Domain", "CountryWiki.Domain\CountryWiki.Domain.csproj", "{0C684EE8-D3BD-4788-804B-50A0CD6C8996}"
EndProject
Project("{FAE04EC0-301F-11D3-BF4B-00C04F79EFBC}") = "CountryWiki.Web", "CountryWiki.Web\CountryWiki.Web.csproj", "{BF012426-B58F-47AF-A590-1C1F426D0447}"
EndProject
Global
	GlobalSection(SolutionConfigurationPlatforms) = preSolution
		Debug|Any CPU = Debug|Any CPU
		Release|Any CPU = Release|Any CPU
	EndGlobalSection
	GlobalSection(ProjectConfigurationPlatforms) = postSolution
		{10ED142C-DAE3-421F-8F27-9912B4DBD86C}.Debug|Any CPU.ActiveCfg = Debug|Any CPU
		{10ED142C-DAE3-421F-8F27-9912B4DBD86C}.Debug|Any CPU.Build.0 = Debug|Any CPU
		{10ED142C-DAE3-421F-8F27-9912B4DBD86C}.Release|Any CPU.ActiveCfg = Release|Any CPU
		{10ED142C-DAE3-421F-8F27-9912B4DBD86C}.Release|Any CPU.Build.0 = Release|Any CPU
		{465A720D-7DCE-4BF8-A7D8-C76A258E3B13}.Debug|Any CPU.ActiveCfg = Debug|Any CPU
		{465A720D-7DCE-4BF8-A7D8-C76A258E3B13}.Debug|Any CPU.Build.0 = Debug|Any CPU
		{465A720D-7DCE-4BF8-A7D8-C76A258E3B13}.Release|Any CPU.ActiveCfg = Release|Any CPU
		{465A720D-7DCE-4BF8-A7D8-C76A258E3B13}.Release|Any CPU.Build.0 = Release|Any CPU
		{263819B3-89B7-4792-8346-DDFBA7DBA0B5}.Debug|Any CPU.ActiveCfg = Debug|Any CPU
		{263819B3-89B7-4792-8346-DDFBA7DBA0B5}.Debug|Any CPU.Build.0 = Debug|Any CPU
		{263819B3-89B7-4792-8346-DDFBA7DBA0B5}.Release|Any CPU.ActiveCfg = Release|Any CPU
		{263819B3-89B7-4792-8346-DDFBA7DBA0B5}.Release|Any CPU.Build.0 = Release|Any CPU
		{79EBB4AB-4F62-4311-96D4-4BEDA943961F}.Debug|Any CPU.ActiveCfg = Debug|Any CPU
		{79EBB4AB-4F62-4311-96D4-4BEDA943961F}.Debug|Any CPU.Build.0 = Debug|Any CPU
		{79EBB4AB-4F62-4311-96D4-4BEDA943961F}.Release|Any CPU.ActiveCfg = Release|Any CPU
		{79EBB4AB-4F62-4311-96D4-4BEDA943961F}.Release|Any CPU.Build.0 = Release|Any CPU
		{9F16F885-8D43-40D5-9C23-338DFA72C382}.Debug|Any CPU.ActiveCfg = Debug|Any CPU
		{9F16F885-8D43-40D5-9C23-338DFA72C382}.Debug|Any CPU.Build.0 = Debug|Any CPU
		{9F16F885-8D43-40D5-9C23-338DFA72C382}.Release|Any CPU.ActiveCfg = Release|Any CPU
		{9F16F885-8D43-40D5-9C23-338DFA72C382}.Release|Any CPU.Build.0 = Release|Any CPU
		{925035ED-BDD2-4352-8BC5-51FE64F8F2AA}.Debug|Any CPU.ActiveCfg = Debug|Any CPU
		{925035ED-BDD2-4352-8BC5-51FE64F8F2AA}.Debug|Any CPU.Build.0 = Debug|Any CPU
		{925035ED-BDD2-4352-8BC5-51FE64F8F2AA}.Release|Any CPU.ActiveCfg = Release|Any CPU
		{925035ED-BDD2-4352-8BC5-51FE64F8F2AA}.Release|Any CPU.Build.0 = Release|Any CPU
		{0C684EE8-D3BD-4788-804B-50A0CD6C8996}.Debug|Any CPU.ActiveCfg = Debug|Any CPU
		{0C684EE8-D3BD-4788-804B-50A0CD6C8996}.Debug|Any CPU.Build.0 = Debug|Any CPU
		{0C684EE8-D3BD-4788-804B-50A0CD6C8996}.Release|Any CPU.ActiveCfg = Release|Any CPU
		{0C684EE8-D3BD-4788-804B-50A0CD6C8996}.Release|Any CPU.Build.0 = Release|Any CPU
		{BF012426-B58F-47AF-A590-1C1F426D0447}.Debug|Any CPU.ActiveCfg = Debug|Any CPU
		{BF012426-B58F-47AF-A590-1C1F426D0447}.Debug|Any CPU.Build.0 = Debug|Any CPU
		{BF012426-B58F-47AF-A590-1C1F426D0447}.Release|Any CPU.ActiveCfg = Release|Any CPU
		{BF012426-B58F-47AF-A590-1C1F426D0447}.Release|Any CPU.Build.0 = Release|Any CPU
	EndGlobalSection
	GlobalSection(NestedProjects) = preSolution
		{465A720D-7DCE-4BF8-A7D8-C76A258E3B13} = {43AA5D29-8004-4E5F-94E6-64AE0C185CFB}
		{263819B3-89B7-4792-8346-DDFBA7DBA0B5} = {43AA5D29-8004-4E5F-94E6-64AE0C185CFB}
		{79EBB4AB-4F62-4311-96D4-4BEDA943961F} = {43AA5D29-8004-4E5F-94E6-64AE0C185CFB}
		{10ED142C-DAE3-421F-8F27-9912B4DBD86C} = {43AA5D29-8004-4E5F-94E6-64AE0C185CFB}
		{9F16F885-8D43-40D5-9C23-338DFA72C382} = {70DC6320-7AAF-4E11-933C-91578FA10B05}
		{925035ED-BDD2-4352-8BC5-51FE64F8F2AA} = {70DC6320-7AAF-4E11-933C-91578FA10B05}
		{0C684EE8-D3BD-4788-804B-50A0CD6C8996} = {70DC6320-7AAF-4E11-933C-91578FA10B05}
		{BF012426-B58F-47AF-A590-1C1F426D0447} = {70DC6320-7AAF-4E11-933C-91578FA10B05}
	EndGlobalSection
EndGlobal
